<?xml version="1.0" encoding="utf-8"?>
<Project ToolsVersion="4.0" xmlns="http://schemas.microsoft.com/developer/msbuild/2003">
  <ItemGroup>
    <Filter Include="Source Files">
      <UniqueIdentifier>{4FC737F1-C7A5-4376-A066-2A32D752A2FF}</UniqueIdentifier>
      <Extensions>cpp;c;cc;cxx;def;odl;idl;hpj;bat;asm;asmx</Extensions>
    </Filter>
    <Filter Include="Header Files">
      <UniqueIdentifier>{93995380-89BD-4b04-88EB-625FBE52EBFB}</UniqueIdentifier>
      <Extensions>h;hpp;hxx;hm;inl;inc;xsd</Extensions>
    </Filter>
    <Filter Include="Resource Files">
      <UniqueIdentifier>{67DA6AB6-F800-4c08-8B7A-83BB121AAD01}</UniqueIdentifier>
      <Extensions>rc;ico;cur;bmp;dlg;rc2;rct;bin;rgs;gif;jpg;jpeg;jpe;resx;tiff;tif;png;wav</Extensions>
    </Filter>
    <Filter Include="Source Files\Camera">
      <UniqueIdentifier>{7bc1b0ba-538f-44a5-88b1-fee3c9e4cd70}</UniqueIdentifier>
    </Filter>
    <Filter Include="Source Files\Files">
      <UniqueIdentifier>{c7e7cc78-bca2-4a43-97b7-f09bb7a0ef47}</UniqueIdentifier>
    </Filter>
    <Filter Include="Source Files\Quarantine">
      <UniqueIdentifier>{3e527805-3fb4-4747-aec6-1d9ed0fc545d}</UniqueIdentifier>
    </Filter>
    <Filter Include="Source Files\Audio">
      <UniqueIdentifier>{fb21d9d7-80d1-4b7d-b2fd-7ef3eef8426c}</UniqueIdentifier>
    </Filter>
    <Filter Include="Source Files\Engine">
      <UniqueIdentifier>{9210d31a-ffb8-46e2-a503-fd13cc271dbe}</UniqueIdentifier>
    </Filter>
    <Filter Include="Source Files\Global">
      <UniqueIdentifier>{619909ae-b079-44ed-8cfa-a1483134ecbf}</UniqueIdentifier>
    </Filter>
    <Filter Include="Source Files\PersonalTemplateLibrary">
      <UniqueIdentifier>{152ed62a-e563-45d1-b0ac-8466e0fd5bb9}</UniqueIdentifier>
    </Filter>
    <Filter Include="Source Files\Physics">
      <UniqueIdentifier>{7b9420e0-3736-4cb0-9b00-f44089561a5b}</UniqueIdentifier>
    </Filter>
    <Filter Include="Source Files\Networking">
      <UniqueIdentifier>{f746717f-6a59-43fc-b912-70975695e47f}</UniqueIdentifier>
    </Filter>
    <Filter Include="Source Files\OS">
      <UniqueIdentifier>{772826d1-414b-48ae-9082-5883846bddac}</UniqueIdentifier>
    </Filter>
    <Filter Include="Source Files\Maths">
      <UniqueIdentifier>{266873b4-01e9-4a5e-83a5-bbf8ce054018}</UniqueIdentifier>
    </Filter>
  </ItemGroup>
  <ItemGroup>
    <ClCompile Include="..\..\src\Files\Meshes\MeshClasses\WTcCluster.cpp">
      <Filter>Source Files</Filter>
    </ClCompile>
    <ClCompile Include="..\..\src\Files\Meshes\MeshClasses\WTcFace.cpp">
      <Filter>Source Files</Filter>
    </ClCompile>
    <ClCompile Include="..\..\src\Files\Meshes\MeshClasses\WTcFullFaceData.cpp">
      <Filter>Source Files</Filter>
    </ClCompile>
    <ClCompile Include="..\..\src\Camera\Renderable\WTcImage.cpp">
      <Filter>Source Files</Filter>
    </ClCompile>
    <ClCompile Include="..\..\src\Maths\WTcMatrixStack.cpp">
      <Filter>Source Files</Filter>
    </ClCompile>
    <ClCompile Include="..\..\src\Files\Misc\WTcReferenceList.cpp">
      <Filter>Source Files</Filter>
    </ClCompile>
    <ClCompile Include="..\..\src\Camera\WTcRenderPointer.cpp">
      <Filter>Source Files</Filter>
    </ClCompile>
    <ClCompile Include="..\..\src\Camera\WTcTextureStack.cpp">
      <Filter>Source Files</Filter>
    </ClCompile>
    <ClCompile Include="..\..\src\Files\Meshes\MeshClasses\WTcVertex.cpp">
      <Filter>Source Files</Filter>
    </ClCompile>
    <ClCompile Include="..\..\src\Files\CollisionMeshes\WTvCollisionData.cpp">
      <Filter>Source Files</Filter>
    </ClCompile>
    <ClCompile Include="..\..\src\Camera\WTcCamera.cpp">
      <Filter>Source Files\Camera</Filter>
    </ClCompile>
    <ClCompile Include="..\..\src\Files\WTcFileHandler.cpp">
      <Filter>Source Files\Files</Filter>
    </ClCompile>
    <ClCompile Include="..\..\src\Files\Misc\WTcSettingsFile.cpp">
      <Filter>Source Files\Files</Filter>
    </ClCompile>
    <ClCompile Include="..\..\src\Audio\WTcAudioBuffer.cpp">
      <Filter>Source Files\Audio</Filter>
    </ClCompile>
    <ClCompile Include="..\..\src\Audio\WTcAudioDevice.cpp">
      <Filter>Source Files\Audio</Filter>
    </ClCompile>
    <ClCompile Include="..\..\src\Audio\WTcAudioObject.cpp">
      <Filter>Source Files\Audio</Filter>
    </ClCompile>
    <ClCompile Include="..\..\src\Physics\WTcCollisionBase.cpp">
      <Filter>Source Files\Physics</Filter>
    </ClCompile>
    <ClCompile Include="..\..\src\Physics\WTcCollisionHandler.cpp">
      <Filter>Source Files\Physics</Filter>
    </ClCompile>
    <ClCompile Include="..\..\src\Physics\WTcCollisionList.cpp">
      <Filter>Source Files\Physics</Filter>
    </ClCompile>
    <ClCompile Include="..\..\src\Physics\WTcCollisionObject.cpp">
      <Filter>Source Files\Physics</Filter>
    </ClCompile>
    <ClCompile Include="..\..\src\Files\CollisionMeshes\WTcCompoundCollision.cpp">
      <Filter>Source Files\Physics</Filter>
    </ClCompile>
    <ClCompile Include="..\..\src\Files\CollisionMeshes\WTcCompoundCollisionFile.cpp">
      <Filter>Source Files\Physics</Filter>
    </ClCompile>
    <ClCompile Include="..\..\src\Windows\EventHandler\WTcKeyStore.cpp">
      <Filter>Source Files\OS</Filter>
    </ClCompile>
    <ClCompile Include="..\..\src\Windows\EventHandler\WTcKeyToggle.cpp">
      <Filter>Source Files\OS</Filter>
    </ClCompile>
    <ClCompile Include="..\..\src\Files\WTcFile.cpp">
      <Filter>Source Files\Files</Filter>
    </ClCompile>
    <ClCompile Include="..\..\src\Files\Misc\WTcCircleLineData.cpp">
      <Filter>Source Files\Files</Filter>
    </ClCompile>
    <ClCompile Include="..\..\src\Camera\Renderable\WTcButton.cpp">
      <Filter>Source Files\Camera</Filter>
    </ClCompile>
    <ClCompile Include="..\..\src\Camera\Renderable\WTcBillBoard.cpp">
      <Filter>Source Files\Camera</Filter>
    </ClCompile>
    <ClCompile Include="..\..\src\Files\CollisionMeshes\WTcBeamCollision.cpp">
      <Filter>Source Files\Physics</Filter>
    </ClCompile>
    <ClCompile Include="..\..\src\Files\Meshes\WTcAsteroid.cpp">
      <Filter>Source Files\Files</Filter>
    </ClCompile>
    <ClCompile Include="..\..\src\Camera\FX\WTcFog.cpp">
      <Filter>Source Files\Camera</Filter>
    </ClCompile>
    <ClCompile Include="..\..\src\Engine\WTcFrameRate.cpp">
      <Filter>Source Files\Engine</Filter>
    </ClCompile>
    <ClCompile Include="..\..\src\Camera\Renderable\WTcLineArray.cpp">
      <Filter>Source Files\Files</Filter>
    </ClCompile>
    <ClCompile Include="..\..\src\Files\Misc\WTcLineArrayData.cpp">
      <Filter>Source Files\Files</Filter>
    </ClCompile>
    <ClCompile Include="..\..\src\Files\WTcIMFLoader.cpp">
      <Filter>Source Files\Files</Filter>
    </ClCompile>
    <ClCompile Include="..\..\src\Files\Fonts\WTcFont.cpp">
      <Filter>Source Files\Files</Filter>
    </ClCompile>
    <ClCompile Include="..\..\src\Files\Meshes\WTcIcoSphere.cpp">
      <Filter>Source Files\Files</Filter>
    </ClCompile>
    <ClCompile Include="..\..\src\Camera\Renderable\WTcLine.cpp">
      <Filter>Source Files\Camera</Filter>
    </ClCompile>
    <ClCompile Include="..\..\src\Camera\WTcExtraViewport.cpp">
      <Filter>Source Files\Engine</Filter>
    </ClCompile>
    <ClCompile Include="..\..\src\Maths\WTcColors.cpp">
      <Filter>Source Files\PersonalTemplateLibrary</Filter>
    </ClCompile>
    <ClCompile Include="..\..\src\Camera\Renderable\WTcBeamMesh.cpp">
      <Filter>Source Files\Files</Filter>
    </ClCompile>
    <ClCompile Include="..\..\src\Files\Meshes\WTcMesh.cpp">
      <Filter>Source Files\Camera</Filter>
    </ClCompile>
    <ClCompile Include="..\..\src\Files\Misc\WTcMeshTree.cpp">
      <Filter>Source Files\Camera</Filter>
    </ClCompile>
    <ClCompile Include="..\..\src\Files\Misc\WTcMeshTreeNode.cpp">
      <Filter>Source Files\Camera</Filter>
    </ClCompile>
    <ClCompile Include="..\..\src\Windows\EventHandler\WTcMouse.cpp">
      <Filter>Source Files\OS</Filter>
    </ClCompile>
    <ClCompile Include="..\..\src\Camera\Renderable\WTcParticle.cpp">
      <Filter>Source Files\Camera</Filter>
    </ClCompile>
    <ClCompile Include="..\..\src\Camera\Renderable\WTcParticleGroup.cpp">
      <Filter>Source Files\Camera</Filter>
    </ClCompile>
    <ClCompile Include="..\..\src\Camera\Renderable\WTcParticleSettings.cpp">
      <Filter>Source Files\Camera</Filter>
    </ClCompile>
    <ClCompile Include="..\..\src\Engine\Process\WTcParentStack.cpp">
      <Filter>Source Files\Engine</Filter>
    </ClCompile>
    <ClCompile Include="..\..\src\Camera\WTcPainter.cpp">
      <Filter>Source Files\Camera</Filter>
    </ClCompile>
    <ClCompile Include="..\..\src\Files\CollisionMeshes\WTcMeshFileCollision.cpp">
      <Filter>Source Files\Physics</Filter>
    </ClCompile>
    <ClCompile Include="..\..\src\Files\CollisionMeshes\WTcMeshCollision.cpp">
      <Filter>Source Files\Physics</Filter>
    </ClCompile>
    <ClCompile Include="..\..\src\Files\Meshes\MeshClasses\WTcPolygon.cpp">
      <Filter>Source Files\Camera</Filter>
    </ClCompile>
    <ClCompile Include="..\..\src\Files\Meshes\MeshClasses\WTcPlane.cpp">
      <Filter>Source Files\Camera</Filter>
    </ClCompile>
    <ClCompile Include="..\..\src\Camera\Renderable\WTcPoint.cpp">
      <Filter>Source Files\Camera</Filter>
    </ClCompile>
    <ClCompile Include="..\..\src\Files\CollisionMeshes\WTcRayCollision.cpp">
      <Filter>Source Files\Physics</Filter>
    </ClCompile>
    <ClCompile Include="..\..\src\Camera\Nodes\WTcRenderNode.cpp">
      <Filter>Source Files\Camera</Filter>
    </ClCompile>
    <ClCompile Include="..\..\src\Camera\WTcRenderNodeObject.cpp">
      <Filter>Source Files\Camera</Filter>
    </ClCompile>
    <ClCompile Include="..\..\src\Camera\WTcRenderObject.cpp">
      <Filter>Source Files\Camera</Filter>
    </ClCompile>
    <ClCompile Include="..\..\src\Files\CollisionMeshes\WTcSphereCollision.cpp">
      <Filter>Source Files\Physics</Filter>
    </ClCompile>
    <ClCompile Include="..\..\src\Files\Meshes\WTcUVSphere.cpp">
      <Filter>Source Files\Camera</Filter>
    </ClCompile>
    <ClCompile Include="..\..\src\Files\Meshes\WTv2DPolygon.cpp">
      <Filter>Source Files\Camera</Filter>
    </ClCompile>
    <ClCompile Include="..\..\src\Camera\Renderable\WTcModel.cpp">
      <Filter>Source Files\Files</Filter>
    </ClCompile>
    <ClCompile Include="..\..\src\PTL\WTcSingleton.cpp">
      <Filter>Source Files\PersonalTemplateLibrary</Filter>
    </ClCompile>
    <ClCompile Include="..\..\src\Maths\WTMath.cpp">
      <Filter>Source Files\Maths</Filter>
    </ClCompile>
    <ClCompile Include="..\..\src\PTL\WTRadix.cpp">
      <Filter>Source Files\Maths</Filter>
    </ClCompile>
    <ClCompile Include="..\..\src\Maths\WTcMatrix4.cpp">
      <Filter>Source Files\Maths</Filter>
    </ClCompile>
    <ClCompile Include="..\..\src\Maths\WTcCameraMatrix4.cpp">
      <Filter>Source Files\Maths</Filter>
    </ClCompile>
    <ClCompile Include="..\..\src\Maths\WTcPerspectiveMatrix.cpp">
      <Filter>Source Files\Maths</Filter>
    </ClCompile>
    <ClCompile Include="..\..\src\Maths\WTcPredictiveTracking.cpp">
      <Filter>Source Files\Maths</Filter>
    </ClCompile>
    <ClCompile Include="..\..\src\Windows\WTcWindow.cpp">
      <Filter>Source Files\OS</Filter>
    </ClCompile>
    <ClCompile Include="..\..\src\Windows\WTcSync.cpp">
      <Filter>Source Files\OS</Filter>
    </ClCompile>
    <ClCompile Include="..\..\src\Windows\EventHandler\WTcEventHandler.cpp">
      <Filter>Source Files\OS</Filter>
    </ClCompile>
    <ClCompile Include="..\..\src\Engine\WTcBase.cpp">
      <Filter>Source Files\Engine</Filter>
    </ClCompile>
    <ClCompile Include="..\..\src\Engine\WTcSignal.cpp">
      <Filter>Source Files\Engine</Filter>
    </ClCompile>
    <ClCompile Include="..\..\src\Engine\WTKernel.cpp">
      <Filter>Source Files\Engine</Filter>
    </ClCompile>
    <ClCompile Include="..\..\src\Engine\Process\WTcProcess.cpp">
      <Filter>Source Files\Engine</Filter>
    </ClCompile>
    <ClCompile Include="..\..\src\Engine\Process\WTcMessageFeed.cpp">
      <Filter>Source Files\Engine</Filter>
    </ClCompile>
    <ClCompile Include="..\..\src\Files\Audio\WTcAudioData.cpp">
      <Filter>Source Files\Files</Filter>
    </ClCompile>
    <ClCompile Include="..\..\src\Global\log.cpp">
      <Filter>Source Files\Global</Filter>
    </ClCompile>
    <ClCompile Include="..\..\src\Global\WTSettings.cpp">
      <Filter>Source Files\Global</Filter>
    </ClCompile>
    <ClCompile Include="..\..\src\Files\WTString.cpp">
      <Filter>Source Files\Files</Filter>
    </ClCompile>
    <ClCompile Include="..\..\src\Camera\Renderable\WTcTextureText.cpp">
      <Filter>Source Files\Camera</Filter>
    </ClCompile>
    <ClCompile Include="..\..\src\Files\Textures\WTcTexture.cpp">
      <Filter>Source Files\Files</Filter>
    </ClCompile>
    <ClCompile Include="..\..\src\Files\Audio\WTcSoundObject.cpp">
      <Filter>Source Files\Files</Filter>
    </ClCompile>
    <ClCompile Include="..\..\src\Files\Shaders\WTcUserDefinedShaderVariable.cpp">
      <Filter>Source Files\Files</Filter>
    </ClCompile>
    <ClCompile Include="..\..\src\Files\Shaders\WTcShaderVariables.cpp">
      <Filter>Source Files\Files</Filter>
    </ClCompile>
    <ClCompile Include="..\..\src\Files\Shaders\WTcShader.cpp">
      <Filter>Source Files\Files</Filter>
    </ClCompile>
    <ClCompile Include="..\..\src\Files\Shaders\WTcShaderProgram.cpp">
      <Filter>Source Files\Files</Filter>
    </ClCompile>
    <ClCompile Include="..\..\src\Camera\WTcLightHandler.cpp">
      <Filter>Source Files\Camera</Filter>
    </ClCompile>
    <ClCompile Include="..\..\src\Camera\FX\WTcLight.cpp">
      <Filter>Source Files\Camera</Filter>
    </ClCompile>
    <ClCompile Include="..\..\src\Camera\FX\WTcMaterial.cpp">
      <Filter>Source Files\Camera</Filter>
    </ClCompile>
    <ClCompile Include="..\..\src\Camera\FX\WTcSpotLight.cpp">
      <Filter>Source Files\Camera</Filter>
    </ClCompile>
    <ClCompile Include="..\..\src\Camera\Renderable\WTcStarMap.cpp">
      <Filter>Source Files\Camera</Filter>
    </ClCompile>
    <ClCompile Include="..\..\src\Files\Meshes\WTcmLandscape.cpp">
      <Filter>Source Files\Camera</Filter>
    </ClCompile>
    <ClCompile Include="..\..\src\Camera\Renderable\WTcLandscape.cpp">
      <Filter>Source Files\Camera</Filter>
    </ClCompile>
    <ClCompile Include="..\..\src\Camera\WTcPerspectiveControl.cpp">
      <Filter>Source Files\Camera</Filter>
    </ClCompile>
    <ClCompile Include="..\..\src\Maths\WTcMomentum.cpp">
      <Filter>Source Files\Physics</Filter>
    </ClCompile>
    <ClCompile Include="..\..\src\Camera\Nodes\WTcNodeList.cpp">
      <Filter>Source Files\Camera</Filter>
    </ClCompile>
    <ClCompile Include="..\..\src\Camera\Renderable\WTcAttributeData.cpp">
      <Filter>Source Files\Camera</Filter>
    </ClCompile>
    <ClCompile Include="..\..\src\Physics\WTcMouseCollisionObject.cpp">
      <Filter>Source Files\Physics</Filter>
    </ClCompile>
    <ClCompile Include="..\..\src\Engine\Process\WTcSliderWidget.cpp">
      <Filter>Source Files\Camera</Filter>
    </ClCompile>
    <ClCompile Include="..\..\src\Engine\Process\WTcTextBoxWidget.cpp">
      <Filter>Source Files\Camera</Filter>
    </ClCompile>
    <ClCompile Include="..\..\src\Engine\Process\WTcToggleButton.cpp">
      <Filter>Source Files\Camera</Filter>
    </ClCompile>
    <ClCompile Include="..\..\src\Engine\Process\WTcSelectionImageWidget.cpp">
      <Filter>Source Files\Camera</Filter>
    </ClCompile>
    <ClCompile Include="..\..\src\Files\Textures\WTcTextureGenerator.cpp">
      <Filter>Source Files\Files</Filter>
    </ClCompile>
    <ClCompile Include="..\..\src\Files\Textures\WTcSeamlessTextureClasses.cpp">
      <Filter>Source Files\Files</Filter>
    </ClCompile>
    <ClCompile Include="..\..\src\Maths\WTcDoubleMatrix4.cpp">
      <Filter>Source Files\Maths</Filter>
    </ClCompile>
    <ClCompile Include="..\..\src\Files\WTcParser.cpp">
      <Filter>Source Files\Files</Filter>
    </ClCompile>
    <ClCompile Include="..\..\src\Maths\WTcMomentumFRI.cpp">
      <Filter>Source Files\Physics</Filter>
    </ClCompile>
    <ClCompile Include="..\..\src\Camera\Renderable\WTcVoxelModel.cpp">
      <Filter>Source Files\Files</Filter>
    </ClCompile>
  </ItemGroup>
  <ItemGroup>
    <ClInclude Include="..\..\src\Global\CException.h">
      <Filter>Header Files</Filter>
    </ClInclude>
    <ClInclude Include="..\..\src\Global\GlobalPointers.h">
      <Filter>Header Files</Filter>
    </ClInclude>
    <ClInclude Include="..\..\src\Global\IMFDefinitions.h">
      <Filter>Header Files</Filter>
    </ClInclude>
    <ClInclude Include="..\..\src\Global\log.h">
      <Filter>Header Files</Filter>
    </ClInclude>
    <ClInclude Include="stdafx.h">
      <Filter>Header Files</Filter>
    </ClInclude>
    <ClInclude Include="targetver.h">
      <Filter>Header Files</Filter>
    </ClInclude>
    <ClInclude Include="..\..\src\WTBamboo.h">
      <Filter>Header Files</Filter>
    </ClInclude>
    <ClInclude Include="..\..\src\Maths\WTc2DVt.h">
      <Filter>Header Files</Filter>
    </ClInclude>
    <ClInclude Include="..\..\src\Maths\WTc2DVtCode.h">
      <Filter>Header Files</Filter>
    </ClInclude>
    <ClInclude Include="..\..\src\Maths\WTc3DVt.h">
      <Filter>Header Files</Filter>
    </ClInclude>
    <ClInclude Include="..\..\src\Maths\WTc3DVtCode.h">
      <Filter>Header Files</Filter>
    </ClInclude>
    <ClInclude Include="..\..\src\Maths\WTc4DVt.h">
      <Filter>Header Files</Filter>
    </ClInclude>
    <ClInclude Include="..\..\src\Maths\WTc4DVtCode.h">
      <Filter>Header Files</Filter>
    </ClInclude>
    <ClInclude Include="..\..\src\Camera\Renderable\WTcAttributeData.h">
      <Filter>Header Files</Filter>
    </ClInclude>
    <ClInclude Include="..\..\src\Audio\WTcAudioBuffer.h">
      <Filter>Header Files</Filter>
    </ClInclude>
    <ClInclude Include="..\..\src\Files\Audio\WTcAudioData.h">
      <Filter>Header Files</Filter>
    </ClInclude>
    <ClInclude Include="..\..\src\Audio\WTcAudioDevice.h">
      <Filter>Header Files</Filter>
    </ClInclude>
    <ClInclude Include="..\..\src\Audio\WTcAudioObject.h">
      <Filter>Header Files</Filter>
    </ClInclude>
    <ClInclude Include="..\..\src\Engine\WTcBase.h">
      <Filter>Header Files</Filter>
    </ClInclude>
    <ClInclude Include="..\..\src\Files\CollisionMeshes\WTcBeamCollision.h">
      <Filter>Header Files</Filter>
    </ClInclude>
    <ClInclude Include="..\..\src\Camera\Renderable\WTcBeamMesh.h">
      <Filter>Header Files</Filter>
    </ClInclude>
    <ClInclude Include="..\..\src\Camera\Renderable\WTcButton.h">
      <Filter>Header Files</Filter>
    </ClInclude>
    <ClInclude Include="..\..\src\Camera\WTcCamera.h">
      <Filter>Header Files</Filter>
    </ClInclude>
    <ClInclude Include="..\..\src\Maths\WTcCameraMatrix4.h">
      <Filter>Header Files</Filter>
    </ClInclude>
    <ClInclude Include="..\..\src\Files\Meshes\MeshClasses\WTcCluster.h">
      <Filter>Header Files</Filter>
    </ClInclude>
    <ClInclude Include="..\..\src\Physics\WTcCollisionBase.h">
      <Filter>Header Files</Filter>
    </ClInclude>
    <ClInclude Include="..\..\src\Physics\WTcCollisionHandler.h">
      <Filter>Header Files</Filter>
    </ClInclude>
    <ClInclude Include="..\..\src\Physics\WTcCollisionList.h">
      <Filter>Header Files</Filter>
    </ClInclude>
    <ClInclude Include="..\..\src\Physics\WTcCollisionObject.h">
      <Filter>Header Files</Filter>
    </ClInclude>
    <ClInclude Include="..\..\src\Maths\WTcColors.h">
      <Filter>Header Files</Filter>
    </ClInclude>
    <ClInclude Include="..\..\src\Files\CollisionMeshes\WTcCompoundCollision.h">
      <Filter>Header Files</Filter>
    </ClInclude>
    <ClInclude Include="..\..\src\Files\CollisionMeshes\WTcCompoundCollisionFile.h">
      <Filter>Header Files</Filter>
    </ClInclude>
    <ClInclude Include="..\..\src\Windows\EventHandler\WTcEventHandler.h">
      <Filter>Header Files</Filter>
    </ClInclude>
    <ClInclude Include="..\..\src\Camera\WTcExtraViewport.h">
      <Filter>Header Files</Filter>
    </ClInclude>
    <ClInclude Include="..\..\src\Files\Meshes\MeshClasses\WTcFace.h">
      <Filter>Header Files</Filter>
    </ClInclude>
    <ClInclude Include="..\..\src\Files\WTcFile.h">
      <Filter>Header Files</Filter>
    </ClInclude>
    <ClInclude Include="..\..\src\Files\WTcFileHandler.h">
      <Filter>Header Files</Filter>
    </ClInclude>
    <ClInclude Include="..\..\src\Global\WTcFlags.h">
      <Filter>Header Files</Filter>
    </ClInclude>
    <ClInclude Include="..\..\src\Camera\FX\WTcFog.h">
      <Filter>Header Files</Filter>
    </ClInclude>
    <ClInclude Include="..\..\src\Files\Fonts\WTcFont.h">
      <Filter>Header Files</Filter>
    </ClInclude>
    <ClInclude Include="..\..\src\Engine\WTcFrameRate.h">
      <Filter>Header Files</Filter>
    </ClInclude>
    <ClInclude Include="..\..\src\Files\Meshes\MeshClasses\WTcFullFaceData.h">
      <Filter>Header Files</Filter>
    </ClInclude>
    <ClInclude Include="..\..\src\Camera\Renderable\WTcImage.h">
      <Filter>Header Files</Filter>
    </ClInclude>
    <ClInclude Include="..\..\src\Files\WTcIMFLoader.h">
      <Filter>Header Files</Filter>
    </ClInclude>
    <ClInclude Include="..\..\src\Windows\EventHandler\WTcKeyStore.h">
      <Filter>Header Files</Filter>
    </ClInclude>
    <ClInclude Include="..\..\src\Camera\Renderable\WTcLandscape.h">
      <Filter>Header Files</Filter>
    </ClInclude>
    <ClInclude Include="..\..\src\Camera\FX\WTcLight.h">
      <Filter>Header Files</Filter>
    </ClInclude>
    <ClInclude Include="..\..\src\Camera\WTcLightHandler.h">
      <Filter>Header Files</Filter>
    </ClInclude>
    <ClInclude Include="..\..\src\Camera\Renderable\WTcLine.h">
      <Filter>Header Files</Filter>
    </ClInclude>
    <ClInclude Include="..\..\src\Camera\FX\WTcMaterial.h">
      <Filter>Header Files</Filter>
    </ClInclude>
    <ClInclude Include="..\..\src\Maths\WTcMatrix4.h">
      <Filter>Header Files</Filter>
    </ClInclude>
    <ClInclude Include="..\..\src\Maths\WTcMatrixStack.h">
      <Filter>Header Files</Filter>
    </ClInclude>
    <ClInclude Include="..\..\src\Files\Meshes\WTcMesh.h">
      <Filter>Header Files</Filter>
    </ClInclude>
    <ClInclude Include="..\..\src\Files\CollisionMeshes\WTcMeshCollision.h">
      <Filter>Header Files</Filter>
    </ClInclude>
    <ClInclude Include="..\..\src\Files\CollisionMeshes\WTcMeshFileCollision.h">
      <Filter>Header Files</Filter>
    </ClInclude>
    <ClInclude Include="..\..\src\Files\Misc\WTcMeshTree.h">
      <Filter>Header Files</Filter>
    </ClInclude>
    <ClInclude Include="..\..\src\Files\Misc\WTcMeshTreeNode.h">
      <Filter>Header Files</Filter>
    </ClInclude>
    <ClInclude Include="..\..\src\Files\Meshes\WTcmLandscape.h">
      <Filter>Header Files</Filter>
    </ClInclude>
    <ClInclude Include="..\..\src\Camera\Renderable\WTcModel.h">
      <Filter>Header Files</Filter>
    </ClInclude>
    <ClInclude Include="..\..\src\Maths\WTcMomentum.h">
      <Filter>Header Files</Filter>
    </ClInclude>
    <ClInclude Include="..\..\src\Windows\EventHandler\WTcMouse.h">
      <Filter>Header Files</Filter>
    </ClInclude>
    <ClInclude Include="..\..\src\Camera\Nodes\WTcNodeList.h">
      <Filter>Header Files</Filter>
    </ClInclude>
    <ClInclude Include="..\..\src\Camera\WTcPainter.h">
      <Filter>Header Files</Filter>
    </ClInclude>
    <ClInclude Include="..\..\src\Engine\Process\WTcParentStack.h">
      <Filter>Header Files</Filter>
    </ClInclude>
    <ClInclude Include="..\..\src\Camera\Renderable\WTcParticle.h">
      <Filter>Header Files</Filter>
    </ClInclude>
    <ClInclude Include="..\..\src\Camera\Renderable\WTcParticleGroup.h">
      <Filter>Header Files</Filter>
    </ClInclude>
    <ClInclude Include="..\..\src\Camera\WTcPerspectiveControl.h">
      <Filter>Header Files</Filter>
    </ClInclude>
    <ClInclude Include="..\..\src\Maths\WTcPerspectiveMatrix.h">
      <Filter>Header Files</Filter>
    </ClInclude>
    <ClInclude Include="..\..\src\Files\Meshes\MeshClasses\WTcPlane.h">
      <Filter>Header Files</Filter>
    </ClInclude>
    <ClInclude Include="..\..\src\Camera\Renderable\WTcPoint.h">
      <Filter>Header Files</Filter>
    </ClInclude>
    <ClInclude Include="..\..\src\Files\Meshes\MeshClasses\WTcPolygon.h">
      <Filter>Header Files</Filter>
    </ClInclude>
    <ClInclude Include="..\..\src\Maths\WTcPredictiveTracking.h">
      <Filter>Header Files</Filter>
    </ClInclude>
    <ClInclude Include="..\..\src\Engine\Process\WTcProcess.h">
      <Filter>Header Files</Filter>
    </ClInclude>
    <ClInclude Include="..\..\src\PTL\WTcPushPopStack.h">
      <Filter>Header Files</Filter>
    </ClInclude>
    <ClInclude Include="..\..\src\Files\CollisionMeshes\WTcRayCollision.h">
      <Filter>Header Files</Filter>
    </ClInclude>
    <ClInclude Include="..\..\src\Files\Misc\WTcReferenceList.h">
      <Filter>Header Files</Filter>
    </ClInclude>
    <ClInclude Include="..\..\src\Camera\Nodes\WTcRenderNode.h">
      <Filter>Header Files</Filter>
    </ClInclude>
    <ClInclude Include="..\..\src\Camera\WTcRenderObject.h">
      <Filter>Header Files</Filter>
    </ClInclude>
    <ClInclude Include="..\..\src\Camera\WTcRenderOwner.h">
      <Filter>Header Files</Filter>
    </ClInclude>
    <ClInclude Include="..\..\src\Camera\WTcRenderPointer.h">
      <Filter>Header Files</Filter>
    </ClInclude>
    <ClInclude Include="..\..\src\Files\Shaders\WTcShader.h">
      <Filter>Header Files</Filter>
    </ClInclude>
    <ClInclude Include="..\..\src\Files\Shaders\WTcShaderProgram.h">
      <Filter>Header Files</Filter>
    </ClInclude>
    <ClInclude Include="..\..\src\Files\Shaders\WTcShaderVariables.h">
      <Filter>Header Files</Filter>
    </ClInclude>
    <ClInclude Include="..\..\src\Engine\WTcSignal.h">
      <Filter>Header Files</Filter>
    </ClInclude>
    <ClInclude Include="..\..\src\PTL\WTcSingleton.h">
      <Filter>Header Files</Filter>
    </ClInclude>
    <ClInclude Include="..\..\src\Files\Audio\WTcSoundObject.h">
      <Filter>Header Files</Filter>
    </ClInclude>
    <ClInclude Include="..\..\src\Files\CollisionMeshes\WTcSphereCollision.h">
      <Filter>Header Files</Filter>
    </ClInclude>
    <ClInclude Include="..\..\src\Camera\FX\WTcSpotLight.h">
      <Filter>Header Files</Filter>
    </ClInclude>
    <ClInclude Include="..\..\src\Camera\Renderable\WTcStarMap.h">
      <Filter>Header Files</Filter>
    </ClInclude>
    <ClInclude Include="..\..\src\Windows\WTcSync.h">
      <Filter>Header Files</Filter>
    </ClInclude>
    <ClInclude Include="..\..\src\Files\Textures\WTcTexture.h">
      <Filter>Header Files</Filter>
    </ClInclude>
    <ClInclude Include="..\..\src\Camera\WTcTextureStack.h">
      <Filter>Header Files</Filter>
    </ClInclude>
    <ClInclude Include="..\..\src\Camera\Renderable\WTcTextureText.h">
      <Filter>Header Files</Filter>
    </ClInclude>
    <ClInclude Include="..\..\src\Files\Shaders\WTcUserDefinedShaderVariable.h">
      <Filter>Header Files</Filter>
    </ClInclude>
    <ClInclude Include="..\..\src\Files\Meshes\MeshClasses\WTcVertex.h">
      <Filter>Header Files</Filter>
    </ClInclude>
    <ClInclude Include="..\..\src\Windows\WTcWindow.h">
      <Filter>Header Files</Filter>
    </ClInclude>
    <ClInclude Include="..\..\src\Global\WTDefinitions.h">
      <Filter>Header Files</Filter>
    </ClInclude>
    <ClInclude Include="..\..\src\Global\WTGameSettings.h">
      <Filter>Header Files</Filter>
    </ClInclude>
    <ClInclude Include="..\..\src\Engine\WTKernel.h">
      <Filter>Header Files</Filter>
    </ClInclude>
    <ClInclude Include="..\..\src\PTL\WTLimitedList.h">
      <Filter>Header Files</Filter>
    </ClInclude>
    <ClInclude Include="..\..\src\PTL\WTLLTemplate.h">
      <Filter>Header Files</Filter>
    </ClInclude>
    <ClInclude Include="..\..\src\Maths\WTMath.h">
      <Filter>Header Files</Filter>
    </ClInclude>
    <ClInclude Include="..\..\src\PTL\WTMatrixTemplate.h">
      <Filter>Header Files</Filter>
    </ClInclude>
    <ClInclude Include="..\..\src\PTL\WTMinLinkedList.h">
      <Filter>Header Files</Filter>
    </ClInclude>
    <ClInclude Include="..\..\src\WTOsBits.h">
      <Filter>Header Files</Filter>
    </ClInclude>
    <ClInclude Include="..\..\src\PTL\WTRadix.h">
      <Filter>Header Files</Filter>
    </ClInclude>
    <ClInclude Include="..\..\src\Global\WTSetDefinitions.h">
      <Filter>Header Files</Filter>
    </ClInclude>
    <ClInclude Include="..\..\src\Global\WTSettings.h">
      <Filter>Header Files</Filter>
    </ClInclude>
    <ClInclude Include="..\..\src\Files\WTString.h">
      <Filter>Header Files</Filter>
    </ClInclude>
    <ClInclude Include="..\..\src\Files\Meshes\WTv2DPolygon.h">
      <Filter>Header Files</Filter>
    </ClInclude>
    <ClInclude Include="..\..\src\Files\CollisionMeshes\WTvCollisionData.h">
      <Filter>Header Files</Filter>
    </ClInclude>
    <ClInclude Include="..\..\src\Files\WTvFile.h">
      <Filter>Header Files</Filter>
    </ClInclude>
    <ClInclude Include="..\..\src\Camera\FX\WTvLight.h">
      <Filter>Header Files</Filter>
    </ClInclude>
    <ClInclude Include="..\..\src\Files\Misc\WTvMeshTree.h">
      <Filter>Header Files</Filter>
    </ClInclude>
    <ClInclude Include="..\..\src\Camera\WTvRenderObject.h">
      <Filter>Header Files</Filter>
    </ClInclude>
    <ClInclude Include="..\..\src\Files\Textures\WTvTexture.h">
      <Filter>Header Files</Filter>
    </ClInclude>
    <ClInclude Include="..\..\src\Windows\WTWindowsKeyCodes.h">
      <Filter>Header Files</Filter>
    </ClInclude>
    <ClInclude Include="..\..\src\Windows\WTXWindowsKeyCodes.h">
      <Filter>Header Files</Filter>
    </ClInclude>
    <ClInclude Include="..\..\src\Networking\WTcP2PClient.h">
      <Filter>Header Files</Filter>
    </ClInclude>
    <ClInclude Include="..\..\src\Networking\WTcP2PHost.h">
      <Filter>Header Files</Filter>
    </ClInclude>
    <ClInclude Include="..\..\src\Networking\WTcNetworkBase.h">
      <Filter>Header Files</Filter>
    </ClInclude>
    <ClInclude Include="..\..\src\Maths\WTcMomentumFRI.h">
      <Filter>Header Files</Filter>
    </ClInclude>
    <ClInclude Include="..\..\src\Camera\Renderable\WTcVoxelModel.h">
      <Filter>Header Files</Filter>
    </ClInclude>
  </ItemGroup>
  <ItemGroup>
    <Text Include="ReadMe.txt" />
  </ItemGroup>
  <ItemGroup>
    <None Include="..\..\src\Networking\WTcNetworkBase.cpp">
      <Filter>Source Files\Networking</Filter>
    </None>
    <None Include="..\..\src\Networking\WTcP2PClient.cpp">
      <Filter>Source Files\Networking</Filter>
    </None>
    <None Include="..\..\src\Networking\WTcP2PHost.cpp">
      <Filter>Source Files\Networking</Filter>
    </None>
    <None Include="..\..\src\Global\WTNetworkDefinitions.cpp">
      <Filter>Source Files\Networking</Filter>
    </None>
  </ItemGroup>
</Project>